
Microsoft Visual Studio Solution File, Format Version 12.00
# Visual Studio 2012
Project("{FAE04EC0-301F-11D3-BF4B-00C04F79EFBC}") = "BedAndBroadband", "BedAndBroadband\BedAndBroadband.csproj", "{054C91B0-D818-4F04-8078-D00FBC5D391B}"
EndProject
Project("{2150E333-8FDC-42A3-9474-1A3956D46DE8}") = ".nuget", ".nuget", "{9D02C903-6794-47DE-BF1E-A024000220CC}"
	ProjectSection(SolutionItems) = preProject
		.nuget\NuGet.Config = .nuget\NuGet.Config
		.nuget\NuGet.exe = .nuget\NuGet.exe
		.nuget\NuGet.targets = .nuget\NuGet.targets
	EndProjectSection
EndProject
Project("{FAE04EC0-301F-11D3-BF4B-00C04F79EFBC}") = "BedAndBroadband.Services", "BedAndBroadband.Services\BedAndBroadband.Services.csproj", "{8AB11D93-DA3F-4C5C-AA3B-82C5331622D6}"
EndProject
Project("{FAE04EC0-301F-11D3-BF4B-00C04F79EFBC}") = "SqlCompactConnectionTest", "SqlCompactConnectionTest\SqlCompactConnectionTest.csproj", "{1AB959AA-9BEF-48D9-BF91-F02E7D37017E}"
EndProject
Global
	GlobalSection(SolutionConfigurationPlatforms) = preSolution
		Debug|Any CPU = Debug|Any CPU
		Release|Any CPU = Release|Any CPU
		Release-Mono|Any CPU = Release-Mono|Any CPU
	EndGlobalSection
	GlobalSection(ProjectConfigurationPlatforms) = postSolution
		{054C91B0-D818-4F04-8078-D00FBC5D391B}.Debug|Any CPU.ActiveCfg = Debug|Any CPU
		{054C91B0-D818-4F04-8078-D00FBC5D391B}.Debug|Any CPU.Build.0 = Debug|Any CPU
		{054C91B0-D818-4F04-8078-D00FBC5D391B}.Release|Any CPU.ActiveCfg = Release|Any CPU
		{054C91B0-D818-4F04-8078-D00FBC5D391B}.Release|Any CPU.Build.0 = Release|Any CPU
		{054C91B0-D818-4F04-8078-D00FBC5D391B}.Release-Mono|Any CPU.ActiveCfg = Release|Any CPU
		{054C91B0-D818-4F04-8078-D00FBC5D391B}.Release-Mono|Any CPU.Build.0 = Release|Any CPU
		{8AB11D93-DA3F-4C5C-AA3B-82C5331622D6}.Debug|Any CPU.ActiveCfg = Debug|Any CPU
		{8AB11D93-DA3F-4C5C-AA3B-82C5331622D6}.Debug|Any CPU.Build.0 = Debug|Any CPU
		{8AB11D93-DA3F-4C5C-AA3B-82C5331622D6}.Release|Any CPU.ActiveCfg = Release|Any CPU
		{8AB11D93-DA3F-4C5C-AA3B-82C5331622D6}.Release|Any CPU.Build.0 = Release|Any CPU
		{8AB11D93-DA3F-4C5C-AA3B-82C5331622D6}.Release-Mono|Any CPU.ActiveCfg = Release|Any CPU
		{8AB11D93-DA3F-4C5C-AA3B-82C5331622D6}.Release-Mono|Any CPU.Build.0 = Release|Any CPU
		{1AB959AA-9BEF-48D9-BF91-F02E7D37017E}.Debug|Any CPU.ActiveCfg = Debug|Any CPU
		{1AB959AA-9BEF-48D9-BF91-F02E7D37017E}.Debug|Any CPU.Build.0 = Debug|Any CPU
		{1AB959AA-9BEF-48D9-BF91-F02E7D37017E}.Release|Any CPU.ActiveCfg = Release|Any CPU
		{1AB959AA-9BEF-48D9-BF91-F02E7D37017E}.Release|Any CPU.Build.0 = Release|Any CPU
		{1AB959AA-9BEF-48D9-BF91-F02E7D37017E}.Release-Mono|Any CPU.ActiveCfg = Release|Any CPU
		{1AB959AA-9BEF-48D9-BF91-F02E7D37017E}.Release-Mono|Any CPU.Build.0 = Release|Any CPU
	EndGlobalSection
	GlobalSection(SolutionProperties) = preSolution
		HideSolutionNode = FALSE
	EndGlobalSection
EndGlobal
